// !$*UTF8*$!
{
	archiveVersion = 1;
	classes = {
	};
	objectVersion = 77;
	objects = {

/* Begin PBXBuildFile section */
		04DA59BBEE8D441F9FD43915 /* CoreMLAdapter.swift in Sources */ = {isa = PBXBuildFile; fileRef = 69AEA365CCCF1BFFF9771808 /* CoreMLAdapter.swift */; };
		05F753367053BAB92C940E8C /* SafariWebExtensionHandler.swift in Sources */ = {isa = PBXBuildFile; fileRef = 7C8ED5533FBB9E70134CC3B2 /* SafariWebExtensionHandler.swift */; };
		07C3395577EC058989B62E29 /* DontTouchApp.swift in Sources */ = {isa = PBXBuildFile; fileRef = 67235A8FF54A90FAEFC97A53 /* DontTouchApp.swift */; };
		08554FD5AFA6B52287B2B68D /* VideoAnalyzer.swift in Sources */ = {isa = PBXBuildFile; fileRef = 41E1D4F2265B297E9ED22F0D /* VideoAnalyzer.swift */; };
		0B639BAF12AC88974989CE34 /* AnalysisEngine.swift in Sources */ = {isa = PBXBuildFile; fileRef = D3F68740790FDA8EDED128FD /* AnalysisEngine.swift */; };
		0F0B9FEAA5DE5EF4B326559F /* contentBlocker.js in Resources */ = {isa = PBXBuildFile; fileRef = A9E8282D8D1BC433BE2DF6D8 /* contentBlocker.js */; };
		16D4D84B3A21A3C4242EC926 /* AnalysisOrchestrator.swift in Sources */ = {isa = PBXBuildFile; fileRef = E1B79EC71D52726D04DA9F5E /* AnalysisOrchestrator.swift */; };
		17F34EE907D3A18623147EB4 /* VideoFrameExtractor.swift in Sources */ = {isa = PBXBuildFile; fileRef = 876B743ECDC6C0B81DE1F904 /* VideoFrameExtractor.swift */; };
		1878143476B8DF1DAF8003D2 /* content.js in Resources */ = {isa = PBXBuildFile; fileRef = 6CA4CD2F2465933C90B658DA /* content.js */; };
		22E94DF0202096DAF70D60F3 /* AppSettings.swift in Sources */ = {isa = PBXBuildFile; fileRef = 793D5F80A0105BFC16E2765A /* AppSettings.swift */; };
		2EAE2A79F934985B29F53DC8 /* icon-32.png in Resources */ = {isa = PBXBuildFile; fileRef = DE640456F71891836703AF43 /* icon-32.png */; };
		301547CCB63DDEA835C0A4F5 /* icon-512.png in Resources */ = {isa = PBXBuildFile; fileRef = 07F09EEE7526222980C75A1C /* icon-512.png */; };
		358D4F0AF4967F5A0D6738E8 /* iOSApp.swift in Sources */ = {isa = PBXBuildFile; fileRef = CF14AA6ACDDD125B76F2A6D6 /* iOSApp.swift */; };
		3730358B1A4FB30252A95762 /* CoreMLAdapter.swift in Sources */ = {isa = PBXBuildFile; fileRef = 69AEA365CCCF1BFFF9771808 /* CoreMLAdapter.swift */; };
		3828DEDEB251372789436421 /* popup.html in Resources */ = {isa = PBXBuildFile; fileRef = B1FB9F31D42090C2B56CA815 /* popup.html */; };
		3924E1B9AA57974189489892 /* contentBlocker.js in Resources */ = {isa = PBXBuildFile; fileRef = A9E8282D8D1BC433BE2DF6D8 /* contentBlocker.js */; };
		3C523A21C95CAA954A107AA9 /* AnalysisOrchestrator.swift in Sources */ = {isa = PBXBuildFile; fileRef = E1B79EC71D52726D04DA9F5E /* AnalysisOrchestrator.swift */; };
		4450153FE02231FA9DA0BEFC /* DontTouchApp.swift in Sources */ = {isa = PBXBuildFile; fileRef = 67235A8FF54A90FAEFC97A53 /* DontTouchApp.swift */; };
		477A78F626A7DE495AE9F2D3 /* popup.js in Resources */ = {isa = PBXBuildFile; fileRef = F0D55EEAC484F2DACAA03463 /* popup.js */; };
		47F49BBF2065DF0873619C5F /* style.css in Resources */ = {isa = PBXBuildFile; fileRef = 98D6E948CF8B4F029064EF13 /* style.css */; };
		48855D973A7E5E8C7BAC2FEA /* ContentAnalyzer.swift in Sources */ = {isa = PBXBuildFile; fileRef = 4CBDD3A620FA609EC26FD061 /* ContentAnalyzer.swift */; };
		493BBB528A4A6265198294F5 /* CoreMLAdapter.swift in Sources */ = {isa = PBXBuildFile; fileRef = 69AEA365CCCF1BFFF9771808 /* CoreMLAdapter.swift */; };
		4C3864D0F782CE09262E1391 /* popup.css in Resources */ = {isa = PBXBuildFile; fileRef = 7FA45B4BC9F7B0FCCDC1DA9C /* popup.css */; };
		4E6634E96B9018F431370319 /* background.js in Resources */ = {isa = PBXBuildFile; fileRef = 6C6016C59ECDB0CEC5B30D40 /* background.js */; };
		534F2FA4C0ECE39BDB6EB52B /* popup.js in Resources */ = {isa = PBXBuildFile; fileRef = F0D55EEAC484F2DACAA03463 /* popup.js */; };
		5926D9C234CAAB999D6D4362 /* ContentAnalyzer.swift in Sources */ = {isa = PBXBuildFile; fileRef = 4CBDD3A620FA609EC26FD061 /* ContentAnalyzer.swift */; };
		5D4AB188AD664D845BC6268A /* AnalysisOrchestrator.swift in Sources */ = {isa = PBXBuildFile; fileRef = E1B79EC71D52726D04DA9F5E /* AnalysisOrchestrator.swift */; };
		6116EBD7F2F41E71DB8FA4BC /* manifest.json in Resources */ = {isa = PBXBuildFile; fileRef = 516BBF6A4573FAFFC363E7CE /* manifest.json */; };
		63EE14D8004A0F15F37AFE50 /* SceneDelegate.swift in Sources */ = {isa = PBXBuildFile; fileRef = AB13A3C3FEADE733647E18DB /* SceneDelegate.swift */; };
		73E0FC34A768EB6FFF0B913F /* style.css in Resources */ = {isa = PBXBuildFile; fileRef = 98D6E948CF8B4F029064EF13 /* style.css */; };
		768963B6C2417256A0412039 /* icon-128.png in Resources */ = {isa = PBXBuildFile; fileRef = CCA08F92AF171987E3C3F961 /* icon-128.png */; };
		773303DAD0E41ECBD1BEBE5F /* ContentAnalyzer.swift in Sources */ = {isa = PBXBuildFile; fileRef = 4CBDD3A620FA609EC26FD061 /* ContentAnalyzer.swift */; };
		7AFA6B960981AC6870FA8267 /* VideoAnalyzer.swift in Sources */ = {isa = PBXBuildFile; fileRef = 41E1D4F2265B297E9ED22F0D /* VideoAnalyzer.swift */; };
		7B8644F33393F7D7946145FF /* ContentAnalyzer.swift in Sources */ = {isa = PBXBuildFile; fileRef = 4CBDD3A620FA609EC26FD061 /* ContentAnalyzer.swift */; };
		8141281BF4E13E342A2A7CAB /* AnalysisEngine.swift in Sources */ = {isa = PBXBuildFile; fileRef = D3F68740790FDA8EDED128FD /* AnalysisEngine.swift */; };
		8471A908D0873CAADD661050 /* icon-128.png in Resources */ = {isa = PBXBuildFile; fileRef = CCA08F92AF171987E3C3F961 /* icon-128.png */; };
		84FA1C26DE7753ABA841184D /* blocklist.txt in Resources */ = {isa = PBXBuildFile; fileRef = F82566C2557EAA8B2F862DEE /* blocklist.txt */; };
		87CE122F9D20FD8F70917865 /* DontTouch_Extension_iOS.appex in Embed Foundation Extensions */ = {isa = PBXBuildFile; fileRef = 3D5331BC575D758BDE234F31 /* DontTouch_Extension_iOS.appex */; settings = {ATTRIBUTES = (CodeSignOnCopy, RemoveHeadersOnCopy, ); }; };
		88D3B784B98BEDB02E71A3D1 /* AnalysisEngine.swift in Sources */ = {isa = PBXBuildFile; fileRef = D3F68740790FDA8EDED128FD /* AnalysisEngine.swift */; };
		89C50F2BAC1D7393B53E245B /* blocklist.txt in Resources */ = {isa = PBXBuildFile; fileRef = F82566C2557EAA8B2F862DEE /* blocklist.txt */; };
		8B4704B636587124232C41AF /* background.js in Resources */ = {isa = PBXBuildFile; fileRef = 6C6016C59ECDB0CEC5B30D40 /* background.js */; };
		8EE921405C5E50C21F5B4CD5 /* AppSettings.swift in Sources */ = {isa = PBXBuildFile; fileRef = 793D5F80A0105BFC16E2765A /* AppSettings.swift */; };
		9A14A6F76FAB00F31EF32EA0 /* manifest.json in Resources */ = {isa = PBXBuildFile; fileRef = 516BBF6A4573FAFFC363E7CE /* manifest.json */; };
		9E2CCACF9AE060112FAB8ED5 /* blocklist.txt in Resources */ = {isa = PBXBuildFile; fileRef = F82566C2557EAA8B2F862DEE /* blocklist.txt */; };
		A05DEFF472C7767410B5EFAF /* ContentView.swift in Sources */ = {isa = PBXBuildFile; fileRef = 7BC4E2A1018927CB8AD0EA83 /* ContentView.swift */; };
		A1B06612A2C86980EEFD38D6 /* popup.html in Resources */ = {isa = PBXBuildFile; fileRef = B1FB9F31D42090C2B56CA815 /* popup.html */; };
		A1F7A9B8309764B92B26ADD3 /* icon-512.png in Resources */ = {isa = PBXBuildFile; fileRef = 07F09EEE7526222980C75A1C /* icon-512.png */; };
		A60ED6DC97987866E83B929F /* content.js in Resources */ = {isa = PBXBuildFile; fileRef = 6CA4CD2F2465933C90B658DA /* content.js */; };
		A8358232CE46B2198355F4C9 /* DontTouch_Extension_Mac.appex in Embed Foundation Extensions */ = {isa = PBXBuildFile; fileRef = 77253BDCE2E7EAB63AA7E954 /* DontTouch_Extension_Mac.appex */; settings = {ATTRIBUTES = (CodeSignOnCopy, RemoveHeadersOnCopy, ); }; };
		ACAED172B3379AF6D2031D47 /* popup.css in Resources */ = {isa = PBXBuildFile; fileRef = 7FA45B4BC9F7B0FCCDC1DA9C /* popup.css */; };
		AF856E513CB3615636FFDF9A /* ContentView.swift in Sources */ = {isa = PBXBuildFile; fileRef = 7BC4E2A1018927CB8AD0EA83 /* ContentView.swift */; };
		AFB8DF6882E5A56C4857A1D0 /* icon-48.png in Resources */ = {isa = PBXBuildFile; fileRef = A049C50CC9AE8FB99DCAE2B4 /* icon-48.png */; };
		B1753BF10B6D6D634A7ED57E /* VideoFrameExtractor.swift in Sources */ = {isa = PBXBuildFile; fileRef = 876B743ECDC6C0B81DE1F904 /* VideoFrameExtractor.swift */; };
		B19FF80D79DA8E6F8E9BFFBB /* icon-16.png in Resources */ = {isa = PBXBuildFile; fileRef = C74466CAE7C3FB1D146DFF8F /* icon-16.png */; };
		B1D157D6D92361DFD65227A3 /* SafariWebExtensionHandler.swift in Sources */ = {isa = PBXBuildFile; fileRef = 7C8ED5533FBB9E70134CC3B2 /* SafariWebExtensionHandler.swift */; };
		B2E32765D34F3878B5EE56D7 /* NSFWClassifier.swift in Sources */ = {isa = PBXBuildFile; fileRef = 8DB602FE7E5A5CDB105C89C0 /* NSFWClassifier.swift */; };
		B41D8194436A0F8E5E540882 /* SafariServices.framework in Frameworks */ = {isa = PBXBuildFile; fileRef = 8F523872F8D81370C16D1700 /* SafariServices.framework */; };
		B6AD13BD5BE0B5C5F1B973DB /* AnalysisEngine.swift in Sources */ = {isa = PBXBuildFile; fileRef = D3F68740790FDA8EDED128FD /* AnalysisEngine.swift */; };
		B98922C80EFA4D11D20C0C25 /* blocklist.txt in Resources */ = {isa = PBXBuildFile; fileRef = F82566C2557EAA8B2F862DEE /* blocklist.txt */; };
		BC60A52A0417DF69BD6B2B44 /* CoreMLAdapter.swift in Sources */ = {isa = PBXBuildFile; fileRef = 69AEA365CCCF1BFFF9771808 /* CoreMLAdapter.swift */; };
		BE01ACB58F8FB9A3C220BA69 /* NSFWClassifier.swift in Sources */ = {isa = PBXBuildFile; fileRef = 8DB602FE7E5A5CDB105C89C0 /* NSFWClassifier.swift */; };
		C267D4FBE7C87BAB969AA40E /* NSFWClassifier.swift in Sources */ = {isa = PBXBuildFile; fileRef = 8DB602FE7E5A5CDB105C89C0 /* NSFWClassifier.swift */; };
		C42B2AD00A6D51BE34856156 /* icon-32.png in Resources */ = {isa = PBXBuildFile; fileRef = DE640456F71891836703AF43 /* icon-32.png */; };
		CA8FDF566CC09498EC02A0FD /* NSFWClassifier.swift in Sources */ = {isa = PBXBuildFile; fileRef = 8DB602FE7E5A5CDB105C89C0 /* NSFWClassifier.swift */; };
		D2EB0E059721F3D08C3FBAC1 /* iOS-Info.plist in Resources */ = {isa = PBXBuildFile; fileRef = 0C3B651317944168898D682F /* iOS-Info.plist */; };
		D6C3B7C2B9D3517912EFE281 /* AnalysisOrchestrator.swift in Sources */ = {isa = PBXBuildFile; fileRef = E1B79EC71D52726D04DA9F5E /* AnalysisOrchestrator.swift */; };
		DA7315C6A78C48608548B050 /* VideoAnalyzer.swift in Sources */ = {isa = PBXBuildFile; fileRef = 41E1D4F2265B297E9ED22F0D /* VideoAnalyzer.swift */; };
		DC87AFF3780CA133DE9E2E4D /* icon-48.png in Resources */ = {isa = PBXBuildFile; fileRef = A049C50CC9AE8FB99DCAE2B4 /* icon-48.png */; };
		E83D98B7D53BABD1C1BD6D7C /* VideoAnalyzer.swift in Sources */ = {isa = PBXBuildFile; fileRef = 41E1D4F2265B297E9ED22F0D /* VideoAnalyzer.swift */; };
		EB3761864DDA512707BA2EED /* icon-16.png in Resources */ = {isa = PBXBuildFile; fileRef = C74466CAE7C3FB1D146DFF8F /* icon-16.png */; };
		EDAA85530CFF02A05B534EFA /* VideoFrameExtractor.swift in Sources */ = {isa = PBXBuildFile; fileRef = 876B743ECDC6C0B81DE1F904 /* VideoFrameExtractor.swift */; };
		FA6CAF6BF0D3518D59071D75 /* VideoFrameExtractor.swift in Sources */ = {isa = PBXBuildFile; fileRef = 876B743ECDC6C0B81DE1F904 /* VideoFrameExtractor.swift */; };
/* End PBXBuildFile section */

/* Begin PBXContainerItemProxy section */
		205DBE49C3C9E5BA2FFDB8BE /* PBXContainerItemProxy */ = {
			isa = PBXContainerItemProxy;
			containerPortal = 01424B7A9EFF600D855B78BD /* Project object */;
			proxyType = 1;
			remoteGlobalIDString = C0093EC42C5D7EFF72EE97E3;
			remoteInfo = DontTouch_Extension_Mac;
		};
		CC9A45B3E9249221BA79997E /* PBXContainerItemProxy */ = {
			isa = PBXContainerItemProxy;
			containerPortal = 01424B7A9EFF600D855B78BD /* Project object */;
			proxyType = 1;
			remoteGlobalIDString = 8B809E4EF885122F08C9A831;
			remoteInfo = DontTouch_Extension_iOS;
		};
/* End PBXContainerItemProxy section */

/* Begin PBXCopyFilesBuildPhase section */
		20DC87D1B027304A1CA2E464 /* Embed Foundation Extensions */ = {
			isa = PBXCopyFilesBuildPhase;
			buildActionMask = 2147483647;
			dstPath = "";
			dstSubfolderSpec = 13;
			files = (
				A8358232CE46B2198355F4C9 /* DontTouch_Extension_Mac.appex in Embed Foundation Extensions */,
			);
			name = "Embed Foundation Extensions";
			runOnlyForDeploymentPostprocessing = 0;
		};
		AB736F3C6923A8DD9197C3A7 /* Embed Foundation Extensions */ = {
			isa = PBXCopyFilesBuildPhase;
			buildActionMask = 2147483647;
			dstPath = "";
			dstSubfolderSpec = 13;
			files = (
				87CE122F9D20FD8F70917865 /* DontTouch_Extension_iOS.appex in Embed Foundation Extensions */,
			);
			name = "Embed Foundation Extensions";
			runOnlyForDeploymentPostprocessing = 0;
		};
/* End PBXCopyFilesBuildPhase section */

/* Begin PBXFileReference section */
		07F09EEE7526222980C75A1C /* icon-512.png */ = {isa = PBXFileReference; lastKnownFileType = image.png; path = "icon-512.png"; sourceTree = "<group>"; };
		0C3B651317944168898D682F /* iOS-Info.plist */ = {isa = PBXFileReference; lastKnownFileType = text.plist; path = "iOS-Info.plist"; sourceTree = "<group>"; };
		376349FB297563250736BAE6 /* DontTouch.app */ = {isa = PBXFileReference; explicitFileType = wrapper.application; includeInIndex = 0; path = DontTouch.app; sourceTree = BUILT_PRODUCTS_DIR; };
		3D5331BC575D758BDE234F31 /* DontTouch_Extension_iOS.appex */ = {isa = PBXFileReference; includeInIndex = 0; lastKnownFileType = "wrapper.app-extension"; path = DontTouch_Extension_iOS.appex; sourceTree = BUILT_PRODUCTS_DIR; };
		41E1D4F2265B297E9ED22F0D /* VideoAnalyzer.swift */ = {isa = PBXFileReference; lastKnownFileType = sourcecode.swift; path = VideoAnalyzer.swift; sourceTree = "<group>"; };
		4CBDD3A620FA609EC26FD061 /* ContentAnalyzer.swift */ = {isa = PBXFileReference; lastKnownFileType = sourcecode.swift; path = ContentAnalyzer.swift; sourceTree = "<group>"; };
		516BBF6A4573FAFFC363E7CE /* manifest.json */ = {isa = PBXFileReference; lastKnownFileType = text.json; path = manifest.json; sourceTree = "<group>"; };
		5904E5C8CB5BB9D30350A717 /* DontTouch.entitlements */ = {isa = PBXFileReference; lastKnownFileType = text.plist.entitlements; path = DontTouch.entitlements; sourceTree = "<group>"; };
		67235A8FF54A90FAEFC97A53 /* DontTouchApp.swift */ = {isa = PBXFileReference; lastKnownFileType = sourcecode.swift; path = DontTouchApp.swift; sourceTree = "<group>"; };
		69AEA365CCCF1BFFF9771808 /* CoreMLAdapter.swift */ = {isa = PBXFileReference; lastKnownFileType = sourcecode.swift; path = CoreMLAdapter.swift; sourceTree = "<group>"; };
		6C6016C59ECDB0CEC5B30D40 /* background.js */ = {isa = PBXFileReference; lastKnownFileType = sourcecode.javascript; path = background.js; sourceTree = "<group>"; };
		6CA4CD2F2465933C90B658DA /* content.js */ = {isa = PBXFileReference; lastKnownFileType = sourcecode.javascript; path = content.js; sourceTree = "<group>"; };
		77253BDCE2E7EAB63AA7E954 /* DontTouch_Extension_Mac.appex */ = {isa = PBXFileReference; explicitFileType = "wrapper.app-extension"; includeInIndex = 0; path = DontTouch_Extension_Mac.appex; sourceTree = BUILT_PRODUCTS_DIR; };
		793D5F80A0105BFC16E2765A /* AppSettings.swift */ = {isa = PBXFileReference; lastKnownFileType = sourcecode.swift; path = AppSettings.swift; sourceTree = "<group>"; };
		7BC4E2A1018927CB8AD0EA83 /* ContentView.swift */ = {isa = PBXFileReference; lastKnownFileType = sourcecode.swift; path = ContentView.swift; sourceTree = "<group>"; };
		7C8ED5533FBB9E70134CC3B2 /* SafariWebExtensionHandler.swift */ = {isa = PBXFileReference; lastKnownFileType = sourcecode.swift; path = SafariWebExtensionHandler.swift; sourceTree = "<group>"; };
		7FA45B4BC9F7B0FCCDC1DA9C /* popup.css */ = {isa = PBXFileReference; lastKnownFileType = text.css; path = popup.css; sourceTree = "<group>"; };
		854AF9DB0E2B35D758690AB7 /* Info.plist */ = {isa = PBXFileReference; lastKnownFileType = text.plist; path = Info.plist; sourceTree = "<group>"; };
		860EE7934E990916E4C4E4E4 /* Info.plist */ = {isa = PBXFileReference; lastKnownFileType = text.plist; path = Info.plist; sourceTree = "<group>"; };
		876B743ECDC6C0B81DE1F904 /* VideoFrameExtractor.swift */ = {isa = PBXFileReference; lastKnownFileType = sourcecode.swift; path = VideoFrameExtractor.swift; sourceTree = "<group>"; };
		8DB602FE7E5A5CDB105C89C0 /* NSFWClassifier.swift */ = {isa = PBXFileReference; lastKnownFileType = sourcecode.swift; path = NSFWClassifier.swift; sourceTree = "<group>"; };
		8F523872F8D81370C16D1700 /* SafariServices.framework */ = {isa = PBXFileReference; lastKnownFileType = wrapper.framework; path = SafariServices.framework; sourceTree = "<group>"; };
		98D6E948CF8B4F029064EF13 /* style.css */ = {isa = PBXFileReference; lastKnownFileType = text.css; path = style.css; sourceTree = "<group>"; };
		A049C50CC9AE8FB99DCAE2B4 /* icon-48.png */ = {isa = PBXFileReference; lastKnownFileType = image.png; path = "icon-48.png"; sourceTree = "<group>"; };
		A7F735DEE2548071B3E7740F /* DontTouch_iOS.app */ = {isa = PBXFileReference; includeInIndex = 0; lastKnownFileType = wrapper.application; path = DontTouch_iOS.app; sourceTree = BUILT_PRODUCTS_DIR; };
		A9E8282D8D1BC433BE2DF6D8 /* contentBlocker.js */ = {isa = PBXFileReference; lastKnownFileType = sourcecode.javascript; path = contentBlocker.js; sourceTree = "<group>"; };
		AB13A3C3FEADE733647E18DB /* SceneDelegate.swift */ = {isa = PBXFileReference; lastKnownFileType = sourcecode.swift; path = SceneDelegate.swift; sourceTree = "<group>"; };
		B1FB9F31D42090C2B56CA815 /* popup.html */ = {isa = PBXFileReference; lastKnownFileType = text.html; path = popup.html; sourceTree = "<group>"; };
		C74466CAE7C3FB1D146DFF8F /* icon-16.png */ = {isa = PBXFileReference; lastKnownFileType = image.png; path = "icon-16.png"; sourceTree = "<group>"; };
		CCA08F92AF171987E3C3F961 /* icon-128.png */ = {isa = PBXFileReference; lastKnownFileType = image.png; path = "icon-128.png"; sourceTree = "<group>"; };
		CF14AA6ACDDD125B76F2A6D6 /* iOSApp.swift */ = {isa = PBXFileReference; lastKnownFileType = sourcecode.swift; path = iOSApp.swift; sourceTree = "<group>"; };
		D3F68740790FDA8EDED128FD /* AnalysisEngine.swift */ = {isa = PBXFileReference; lastKnownFileType = sourcecode.swift; path = AnalysisEngine.swift; sourceTree = "<group>"; };
		DE640456F71891836703AF43 /* icon-32.png */ = {isa = PBXFileReference; lastKnownFileType = image.png; path = "icon-32.png"; sourceTree = "<group>"; };
		E1B79EC71D52726D04DA9F5E /* AnalysisOrchestrator.swift */ = {isa = PBXFileReference; lastKnownFileType = sourcecode.swift; path = AnalysisOrchestrator.swift; sourceTree = "<group>"; };
		F0D55EEAC484F2DACAA03463 /* popup.js */ = {isa = PBXFileReference; lastKnownFileType = sourcecode.javascript; path = popup.js; sourceTree = "<group>"; };
		F0E230B9913F26FE60267C93 /* DontTouch_Extension.entitlements */ = {isa = PBXFileReference; lastKnownFileType = text.plist.entitlements; path = DontTouch_Extension.entitlements; sourceTree = "<group>"; };
		F82566C2557EAA8B2F862DEE /* blocklist.txt */ = {isa = PBXFileReference; lastKnownFileType = text; path = blocklist.txt; sourceTree = "<group>"; };
		F93304E74A27F45083BDD5D6 /* Info.plist */ = {isa = PBXFileReference; lastKnownFileType = text.plist; path = Info.plist; sourceTree = "<group>"; };
/* End PBXFileReference section */

/* Begin PBXFrameworksBuildPhase section */
		846C57B530865A6AED2FD5BD /* Frameworks */ = {
			isa = PBXFrameworksBuildPhase;
			buildActionMask = 2147483647;
			files = (
				B41D8194436A0F8E5E540882 /* SafariServices.framework in Frameworks */,
			);
			runOnlyForDeploymentPostprocessing = 0;
		};
/* End PBXFrameworksBuildPhase section */

/* Begin PBXGroup section */
		22E21944A4DC396F8B09C604 /* DontTouch Detection */ = {
			isa = PBXGroup;
			children = (
				D3F68740790FDA8EDED128FD /* AnalysisEngine.swift */,
				E1B79EC71D52726D04DA9F5E /* AnalysisOrchestrator.swift */,
				F82566C2557EAA8B2F862DEE /* blocklist.txt */,
				4CBDD3A620FA609EC26FD061 /* ContentAnalyzer.swift */,
				69AEA365CCCF1BFFF9771808 /* CoreMLAdapter.swift */,
				8DB602FE7E5A5CDB105C89C0 /* NSFWClassifier.swift */,
				41E1D4F2265B297E9ED22F0D /* VideoAnalyzer.swift */,
				876B743ECDC6C0B81DE1F904 /* VideoFrameExtractor.swift */,
			);
			path = "DontTouch Detection";
			sourceTree = "<group>";
		};
		340B22C5B4E7DE1DE3399622 /* Frameworks */ = {
			isa = PBXGroup;
			children = (
				8F523872F8D81370C16D1700 /* SafariServices.framework */,
			);
			name = Frameworks;
			sourceTree = "<group>";
		};
		3E5672937D5972FD39266884 /* iOS */ = {
			isa = PBXGroup;
			children = (
				854AF9DB0E2B35D758690AB7 /* Info.plist */,
				CF14AA6ACDDD125B76F2A6D6 /* iOSApp.swift */,
				AB13A3C3FEADE733647E18DB /* SceneDelegate.swift */,
			);
			name = iOS;
			path = DontTouch/iOS;
			sourceTree = "<group>";
		};
		4E812D21E2DC277C82C532E7 = {
			isa = PBXGroup;
			children = (
				62A75FDDACDD5D202D744BE4 /* DontTouch */,
				22E21944A4DC396F8B09C604 /* DontTouch Detection */,
				5706A9986AD349D70251D5D3 /* DontTouch Extension */,
				3E5672937D5972FD39266884 /* iOS */,
				340B22C5B4E7DE1DE3399622 /* Frameworks */,
				EB292F05D3C906471801052B /* Products */,
			);
			sourceTree = "<group>";
		};
		5706A9986AD349D70251D5D3 /* DontTouch Extension */ = {
			isa = PBXGroup;
			children = (
				F0E230B9913F26FE60267C93 /* DontTouch_Extension.entitlements */,
				F93304E74A27F45083BDD5D6 /* Info.plist */,
				0C3B651317944168898D682F /* iOS-Info.plist */,
				7C8ED5533FBB9E70134CC3B2 /* SafariWebExtensionHandler.swift */,
				D2BA7E00AC084DA2872799D8 /* Resources */,
			);
			path = "DontTouch Extension";
			sourceTree = "<group>";
		};
		62A75FDDACDD5D202D744BE4 /* DontTouch */ = {
			isa = PBXGroup;
			children = (
				793D5F80A0105BFC16E2765A /* AppSettings.swift */,
				7BC4E2A1018927CB8AD0EA83 /* ContentView.swift */,
				5904E5C8CB5BB9D30350A717 /* DontTouch.entitlements */,
				67235A8FF54A90FAEFC97A53 /* DontTouchApp.swift */,
				860EE7934E990916E4C4E4E4 /* Info.plist */,
			);
			path = DontTouch;
			sourceTree = "<group>";
		};
		D2BA7E00AC084DA2872799D8 /* Resources */ = {
			isa = PBXGroup;
			children = (
				6C6016C59ECDB0CEC5B30D40 /* background.js */,
				6CA4CD2F2465933C90B658DA /* content.js */,
				A9E8282D8D1BC433BE2DF6D8 /* contentBlocker.js */,
				516BBF6A4573FAFFC363E7CE /* manifest.json */,
				7FA45B4BC9F7B0FCCDC1DA9C /* popup.css */,
				B1FB9F31D42090C2B56CA815 /* popup.html */,
				F0D55EEAC484F2DACAA03463 /* popup.js */,
				98D6E948CF8B4F029064EF13 /* style.css */,
				E1D43284B85A8362F3448470 /* icons */,
			);
			path = Resources;
			sourceTree = "<group>";
		};
		E1D43284B85A8362F3448470 /* icons */ = {
			isa = PBXGroup;
			children = (
				C74466CAE7C3FB1D146DFF8F /* icon-16.png */,
				DE640456F71891836703AF43 /* icon-32.png */,
				A049C50CC9AE8FB99DCAE2B4 /* icon-48.png */,
				CCA08F92AF171987E3C3F961 /* icon-128.png */,
				07F09EEE7526222980C75A1C /* icon-512.png */,
			);
			path = icons;
			sourceTree = "<group>";
		};
		EB292F05D3C906471801052B /* Products */ = {
			isa = PBXGroup;
			children = (
				3D5331BC575D758BDE234F31 /* DontTouch_Extension_iOS.appex */,
				77253BDCE2E7EAB63AA7E954 /* DontTouch_Extension_Mac.appex */,
				A7F735DEE2548071B3E7740F /* DontTouch_iOS.app */,
				376349FB297563250736BAE6 /* DontTouch.app */,
			);
			name = Products;
			sourceTree = "<group>";
		};
/* End PBXGroup section */

/* Begin PBXNativeTarget section */
		8B809E4EF885122F08C9A831 /* DontTouch_Extension_iOS */ = {
			isa = PBXNativeTarget;
			buildConfigurationList = 3810BC558CC8AEED31AA6142 /* Build configuration list for PBXNativeTarget "DontTouch_Extension_iOS" */;
			buildPhases = (
				3A6ABA070ECE75C3E79643B1 /* Sources */,
				93995614D8413E743D83445D /* Resources */,
				846C57B530865A6AED2FD5BD /* Frameworks */,
			);
			buildRules = (
			);
			dependencies = (
			);
			name = DontTouch_Extension_iOS;
			packageProductDependencies = (
			);
			productName = DontTouch_Extension_iOS;
			productReference = 3D5331BC575D758BDE234F31 /* DontTouch_Extension_iOS.appex */;
			productType = "com.apple.product-type.app-extension";
		};
		93AE097C215058090C59C624 /* DontTouch */ = {
			isa = PBXNativeTarget;
			buildConfigurationList = E481B16D097952D74BEF30B3 /* Build configuration list for PBXNativeTarget "DontTouch" */;
			buildPhases = (
				4DF456E20923ABB58761EA0B /* Sources */,
				E2C0B518B42A50662940D592 /* Resources */,
				20DC87D1B027304A1CA2E464 /* Embed Foundation Extensions */,
			);
			buildRules = (
			);
			dependencies = (
				B1466D605B5D5E97A34E429A /* PBXTargetDependency */,
			);
			name = DontTouch;
			packageProductDependencies = (
			);
			productName = DontTouch;
			productReference = 376349FB297563250736BAE6 /* DontTouch.app */;
			productType = "com.apple.product-type.application";
		};
		C0093EC42C5D7EFF72EE97E3 /* DontTouch_Extension_Mac */ = {
			isa = PBXNativeTarget;
			buildConfigurationList = 6C694700DDBB61E7F04A461E /* Build configuration list for PBXNativeTarget "DontTouch_Extension_Mac" */;
			buildPhases = (
				C38FF0A479E1ECE8FEAC64AD /* Sources */,
				384567AB44E5D17B70B729C2 /* Resources */,
			);
			buildRules = (
			);
			dependencies = (
			);
			name = DontTouch_Extension_Mac;
			packageProductDependencies = (
			);
			productName = DontTouch_Extension_Mac;
			productReference = 77253BDCE2E7EAB63AA7E954 /* DontTouch_Extension_Mac.appex */;
			productType = "com.apple.product-type.app-extension";
		};
		C18499D508F29716F39EEB79 /* DontTouch_iOS */ = {
			isa = PBXNativeTarget;
			buildConfigurationList = 756397C6E6055BB62CC136E6 /* Build configuration list for PBXNativeTarget "DontTouch_iOS" */;
			buildPhases = (
				3249F228D75CF6432940D021 /* Sources */,
				839235AB03360D13C35D4A36 /* Resources */,
				AB736F3C6923A8DD9197C3A7 /* Embed Foundation Extensions */,
			);
			buildRules = (
			);
			dependencies = (
				CEF8320F0126D9BA916A5389 /* PBXTargetDependency */,
			);
			name = DontTouch_iOS;
			packageProductDependencies = (
			);
			productName = DontTouch_iOS;
			productReference = A7F735DEE2548071B3E7740F /* DontTouch_iOS.app */;
			productType = "com.apple.product-type.application";
		};
/* End PBXNativeTarget section */

/* Begin PBXProject section */
		01424B7A9EFF600D855B78BD /* Project object */ = {
			isa = PBXProject;
			attributes = {
				BuildIndependentTargetsInParallel = YES;
				LastUpgradeCheck = 1430;
				TargetAttributes = {
				};
			};
			buildConfigurationList = 9070152AD03915ADB1C8EF2C /* Build configuration list for PBXProject "DontTouch" */;
			developmentRegion = en;
			hasScannedForEncodings = 0;
			knownRegions = (
				Base,
				en,
			);
			mainGroup = 4E812D21E2DC277C82C532E7;
			minimizedProjectReferenceProxies = 1;
			preferredProjectObjectVersion = 77;
			productRefGroup = EB292F05D3C906471801052B /* Products */;
			projectDirPath = "";
			projectRoot = "";
			targets = (
				93AE097C215058090C59C624 /* DontTouch */,
				C0093EC42C5D7EFF72EE97E3 /* DontTouch_Extension_Mac */,
				8B809E4EF885122F08C9A831 /* DontTouch_Extension_iOS */,
				C18499D508F29716F39EEB79 /* DontTouch_iOS */,
			);
		};
/* End PBXProject section */

/* Begin PBXResourcesBuildPhase section */
		384567AB44E5D17B70B729C2 /* Resources */ = {
			isa = PBXResourcesBuildPhase;
			buildActionMask = 2147483647;
			files = (
				8B4704B636587124232C41AF /* background.js in Resources */,
				9E2CCACF9AE060112FAB8ED5 /* blocklist.txt in Resources */,
				1878143476B8DF1DAF8003D2 /* content.js in Resources */,
				3924E1B9AA57974189489892 /* contentBlocker.js in Resources */,
				D2EB0E059721F3D08C3FBAC1 /* iOS-Info.plist in Resources */,
				8471A908D0873CAADD661050 /* icon-128.png in Resources */,
				EB3761864DDA512707BA2EED /* icon-16.png in Resources */,
				C42B2AD00A6D51BE34856156 /* icon-32.png in Resources */,
				DC87AFF3780CA133DE9E2E4D /* icon-48.png in Resources */,
				A1F7A9B8309764B92B26ADD3 /* icon-512.png in Resources */,
				9A14A6F76FAB00F31EF32EA0 /* manifest.json in Resources */,
				4C3864D0F782CE09262E1391 /* popup.css in Resources */,
				A1B06612A2C86980EEFD38D6 /* popup.html in Resources */,
				534F2FA4C0ECE39BDB6EB52B /* popup.js in Resources */,
				73E0FC34A768EB6FFF0B913F /* style.css in Resources */,
			);
			runOnlyForDeploymentPostprocessing = 0;
		};
		839235AB03360D13C35D4A36 /* Resources */ = {
			isa = PBXResourcesBuildPhase;
			buildActionMask = 2147483647;
			files = (
				89C50F2BAC1D7393B53E245B /* blocklist.txt in Resources */,
			);
			runOnlyForDeploymentPostprocessing = 0;
		};
		93995614D8413E743D83445D /* Resources */ = {
			isa = PBXResourcesBuildPhase;
			buildActionMask = 2147483647;
			files = (
				4E6634E96B9018F431370319 /* background.js in Resources */,
				84FA1C26DE7753ABA841184D /* blocklist.txt in Resources */,
				A60ED6DC97987866E83B929F /* content.js in Resources */,
				0F0B9FEAA5DE5EF4B326559F /* contentBlocker.js in Resources */,
				768963B6C2417256A0412039 /* icon-128.png in Resources */,
				B19FF80D79DA8E6F8E9BFFBB /* icon-16.png in Resources */,
				2EAE2A79F934985B29F53DC8 /* icon-32.png in Resources */,
				AFB8DF6882E5A56C4857A1D0 /* icon-48.png in Resources */,
				301547CCB63DDEA835C0A4F5 /* icon-512.png in Resources */,
				6116EBD7F2F41E71DB8FA4BC /* manifest.json in Resources */,
				ACAED172B3379AF6D2031D47 /* popup.css in Resources */,
				3828DEDEB251372789436421 /* popup.html in Resources */,
				477A78F626A7DE495AE9F2D3 /* popup.js in Resources */,
				47F49BBF2065DF0873619C5F /* style.css in Resources */,
			);
			runOnlyForDeploymentPostprocessing = 0;
		};
		E2C0B518B42A50662940D592 /* Resources */ = {
			isa = PBXResourcesBuildPhase;
			buildActionMask = 2147483647;
			files = (
				B98922C80EFA4D11D20C0C25 /* blocklist.txt in Resources */,
			);
			runOnlyForDeploymentPostprocessing = 0;
		};
/* End PBXResourcesBuildPhase section */

/* Begin PBXSourcesBuildPhase section */
		3249F228D75CF6432940D021 /* Sources */ = {
			isa = PBXSourcesBuildPhase;
			buildActionMask = 2147483647;
			files = (
				B6AD13BD5BE0B5C5F1B973DB /* AnalysisEngine.swift in Sources */,
				16D4D84B3A21A3C4242EC926 /* AnalysisOrchestrator.swift in Sources */,
				8EE921405C5E50C21F5B4CD5 /* AppSettings.swift in Sources */,
				7B8644F33393F7D7946145FF /* ContentAnalyzer.swift in Sources */,
				A05DEFF472C7767410B5EFAF /* ContentView.swift in Sources */,
				BC60A52A0417DF69BD6B2B44 /* CoreMLAdapter.swift in Sources */,
				4450153FE02231FA9DA0BEFC /* DontTouchApp.swift in Sources */,
				B2E32765D34F3878B5EE56D7 /* NSFWClassifier.swift in Sources */,
				63EE14D8004A0F15F37AFE50 /* SceneDelegate.swift in Sources */,
				08554FD5AFA6B52287B2B68D /* VideoAnalyzer.swift in Sources */,
				FA6CAF6BF0D3518D59071D75 /* VideoFrameExtractor.swift in Sources */,
				358D4F0AF4967F5A0D6738E8 /* iOSApp.swift in Sources */,
			);
			runOnlyForDeploymentPostprocessing = 0;
		};
		3A6ABA070ECE75C3E79643B1 /* Sources */ = {
			isa = PBXSourcesBuildPhase;
			buildActionMask = 2147483647;
			files = (
				8141281BF4E13E342A2A7CAB /* AnalysisEngine.swift in Sources */,
				3C523A21C95CAA954A107AA9 /* AnalysisOrchestrator.swift in Sources */,
				5926D9C234CAAB999D6D4362 /* ContentAnalyzer.swift in Sources */,
				493BBB528A4A6265198294F5 /* CoreMLAdapter.swift in Sources */,
				C267D4FBE7C87BAB969AA40E /* NSFWClassifier.swift in Sources */,
				B1D157D6D92361DFD65227A3 /* SafariWebExtensionHandler.swift in Sources */,
				E83D98B7D53BABD1C1BD6D7C /* VideoAnalyzer.swift in Sources */,
				B1753BF10B6D6D634A7ED57E /* VideoFrameExtractor.swift in Sources */,
			);
			runOnlyForDeploymentPostprocessing = 0;
		};
		4DF456E20923ABB58761EA0B /* Sources */ = {
			isa = PBXSourcesBuildPhase;
			buildActionMask = 2147483647;
			files = (
				0B639BAF12AC88974989CE34 /* AnalysisEngine.swift in Sources */,
				D6C3B7C2B9D3517912EFE281 /* AnalysisOrchestrator.swift in Sources */,
				22E94DF0202096DAF70D60F3 /* AppSettings.swift in Sources */,
				48855D973A7E5E8C7BAC2FEA /* ContentAnalyzer.swift in Sources */,
				AF856E513CB3615636FFDF9A /* ContentView.swift in Sources */,
				04DA59BBEE8D441F9FD43915 /* CoreMLAdapter.swift in Sources */,
				07C3395577EC058989B62E29 /* DontTouchApp.swift in Sources */,
				CA8FDF566CC09498EC02A0FD /* NSFWClassifier.swift in Sources */,
				7AFA6B960981AC6870FA8267 /* VideoAnalyzer.swift in Sources */,
				17F34EE907D3A18623147EB4 /* VideoFrameExtractor.swift in Sources */,
			);
			runOnlyForDeploymentPostprocessing = 0;
		};
		C38FF0A479E1ECE8FEAC64AD /* Sources */ = {
			isa = PBXSourcesBuildPhase;
			buildActionMask = 2147483647;
			files = (
				88D3B784B98BEDB02E71A3D1 /* AnalysisEngine.swift in Sources */,
				5D4AB188AD664D845BC6268A /* AnalysisOrchestrator.swift in Sources */,
				773303DAD0E41ECBD1BEBE5F /* ContentAnalyzer.swift in Sources */,
				3730358B1A4FB30252A95762 /* CoreMLAdapter.swift in Sources */,
				BE01ACB58F8FB9A3C220BA69 /* NSFWClassifier.swift in Sources */,
				05F753367053BAB92C940E8C /* SafariWebExtensionHandler.swift in Sources */,
				DA7315C6A78C48608548B050 /* VideoAnalyzer.swift in Sources */,
				EDAA85530CFF02A05B534EFA /* VideoFrameExtractor.swift in Sources */,
			);
			runOnlyForDeploymentPostprocessing = 0;
		};
/* End PBXSourcesBuildPhase section */

/* Begin PBXTargetDependency section */
		B1466D605B5D5E97A34E429A /* PBXTargetDependency */ = {
			isa = PBXTargetDependency;
			target = C0093EC42C5D7EFF72EE97E3 /* DontTouch_Extension_Mac */;
			targetProxy = 205DBE49C3C9E5BA2FFDB8BE /* PBXContainerItemProxy */;
		};
		CEF8320F0126D9BA916A5389 /* PBXTargetDependency */ = {
			isa = PBXTargetDependency;
			target = 8B809E4EF885122F08C9A831 /* DontTouch_Extension_iOS */;
			targetProxy = CC9A45B3E9249221BA79997E /* PBXContainerItemProxy */;
		};
/* End PBXTargetDependency section */

/* Begin XCBuildConfiguration section */
		0AE183FBC59DAA7F8156CCA1 /* Debug */ = {
			isa = XCBuildConfiguration;
			buildSettings = {
				CODE_SIGN_ENTITLEMENTS = "DontTouch Extension/DontTouch_Extension.entitlements";
				CURRENT_PROJECT_VERSION = 1;
				ENABLE_MODULE_VERIFIER = NO;
				FRAMEWORK_SEARCH_PATHS = (
					"$(inherited)",
					"\".\"",
				);
				INFOPLIST_FILE = "DontTouch Extension/iOS-Info.plist";
				LD_RUNPATH_SEARCH_PATHS = (
					"$(inherited)",
					"@executable_path/Frameworks",
					"@executable_path/../../Frameworks",
				);
				MARKETING_VERSION = 1.0;
				PRODUCT_BUNDLE_IDENTIFIER = com.yourname.donttouch.extension;
				SDKROOT = iphoneos;
				TARGETED_DEVICE_FAMILY = "1,2";
			};
			name = Debug;
		};
		3BC3AC8EFF3FD10C6B17A184 /* Release */ = {
			isa = XCBuildConfiguration;
			buildSettings = {
				CODE_SIGN_ENTITLEMENTS = "DontTouch Extension/DontTouch_Extension.entitlements";
				COMBINE_HIDPI_IMAGES = YES;
				CURRENT_PROJECT_VERSION = 1;
				INFOPLIST_FILE = "DontTouch Extension/Info.plist";
				LD_RUNPATH_SEARCH_PATHS = (
					"$(inherited)",
					"@executable_path/../Frameworks",
					"@executable_path/../../../../Frameworks",
				);
				MARKETING_VERSION = 1.0;
				PRODUCT_BUNDLE_IDENTIFIER = com.yourname.donttouch.extension;
				SDKROOT = macosx;
			};
			name = Release;
		};
		4FA4AA302E2578957FDBF170 /* Debug */ = {
			isa = XCBuildConfiguration;
			buildSettings = {
				CODE_SIGN_ENTITLEMENTS = "DontTouch Extension/DontTouch_Extension.entitlements";
				COMBINE_HIDPI_IMAGES = YES;
				CURRENT_PROJECT_VERSION = 1;
				INFOPLIST_FILE = "DontTouch Extension/Info.plist";
				LD_RUNPATH_SEARCH_PATHS = (
					"$(inherited)",
					"@executable_path/../Frameworks",
					"@executable_path/../../../../Frameworks",
				);
				MARKETING_VERSION = 1.0;
				PRODUCT_BUNDLE_IDENTIFIER = com.yourname.donttouch.extension;
				SDKROOT = macosx;
			};
			name = Debug;
		};
		9F1F87D56FB726BC65BF1BEC /* Release */ = {
			isa = XCBuildConfiguration;
			buildSettings = {
				ASSETCATALOG_COMPILER_APPICON_NAME = AppIcon;
				CODE_SIGN_ENTITLEMENTS = DontTouch/DontTouch.entitlements;
				CODE_SIGN_IDENTITY = "iPhone Developer";
				CURRENT_PROJECT_VERSION = 1;
				INFOPLIST_FILE = DontTouch/iOS/Info.plist;
				LD_RUNPATH_SEARCH_PATHS = (
					"$(inherited)",
					"@executable_path/Frameworks",
				);
				MARKETING_VERSION = 1.0;
				PRODUCT_BUNDLE_IDENTIFIER = com.yourname.donttouch;
				SDKROOT = iphoneos;
				TARGETED_DEVICE_FAMILY = "1,2";
			};
			name = Release;
		};
		ABD3193D60CE18B716207130 /* Release */ = {
			isa = XCBuildConfiguration;
			buildSettings = {
				ALWAYS_SEARCH_USER_PATHS = NO;
				CLANG_ANALYZER_NONNULL = YES;
				CLANG_ANALYZER_NUMBER_OBJECT_CONVERSION = YES_AGGRESSIVE;
				CLANG_CXX_LANGUAGE_STANDARD = "gnu++14";
				CLANG_CXX_LIBRARY = "libc++";
				CLANG_ENABLE_MODULES = YES;
				CLANG_ENABLE_OBJC_ARC = YES;
				CLANG_ENABLE_OBJC_WEAK = YES;
				CLANG_WARN_BLOCK_CAPTURE_AUTORELEASING = YES;
				CLANG_WARN_BOOL_CONVERSION = YES;
				CLANG_WARN_COMMA = YES;
				CLANG_WARN_CONSTANT_CONVERSION = YES;
				CLANG_WARN_DEPRECATED_OBJC_IMPLEMENTATIONS = YES;
				CLANG_WARN_DIRECT_OBJC_ISA_USAGE = YES_ERROR;
				CLANG_WARN_DOCUMENTATION_COMMENTS = YES;
				CLANG_WARN_EMPTY_BODY = YES;
				CLANG_WARN_ENUM_CONVERSION = YES;
				CLANG_WARN_INFINITE_RECURSION = YES;
				CLANG_WARN_INT_CONVERSION = YES;
				CLANG_WARN_NON_LITERAL_NULL_CONVERSION = YES;
				CLANG_WARN_OBJC_IMPLICIT_RETAIN_SELF = YES;
				CLANG_WARN_OBJC_LITERAL_CONVERSION = YES;
				CLANG_WARN_OBJC_ROOT_CLASS = YES_ERROR;
				CLANG_WARN_QUOTED_INCLUDE_IN_FRAMEWORK_HEADER = YES;
				CLANG_WARN_RANGE_LOOP_ANALYSIS = YES;
				CLANG_WARN_STRICT_PROTOTYPES = YES;
				CLANG_WARN_SUSPICIOUS_MOVE = YES;
				CLANG_WARN_UNGUARDED_AVAILABILITY = YES_AGGRESSIVE;
				CLANG_WARN_UNREACHABLE_CODE = YES;
				CLANG_WARN__DUPLICATE_METHOD_MATCH = YES;
				COPY_PHASE_STRIP = NO;
				DEBUG_INFORMATION_FORMAT = "dwarf-with-dsym";
				ENABLE_NS_ASSERTIONS = NO;
				ENABLE_STRICT_OBJC_MSGSEND = YES;
				GCC_C_LANGUAGE_STANDARD = gnu11;
				GCC_NO_COMMON_BLOCKS = YES;
				GCC_WARN_64_TO_32_BIT_CONVERSION = YES;
				GCC_WARN_ABOUT_RETURN_TYPE = YES_ERROR;
				GCC_WARN_UNDECLARED_SELECTOR = YES;
				GCC_WARN_UNINITIALIZED_AUTOS = YES_AGGRESSIVE;
				GCC_WARN_UNUSED_FUNCTION = YES;
				GCC_WARN_UNUSED_VARIABLE = YES;
				IPHONEOS_DEPLOYMENT_TARGET = 17.0;
				MACOSX_DEPLOYMENT_TARGET = 14.0;
				MTL_ENABLE_DEBUG_INFO = NO;
				MTL_FAST_MATH = YES;
				PRODUCT_NAME = "$(TARGET_NAME)";
				SWIFT_COMPILATION_MODE = wholemodule;
				SWIFT_OPTIMIZATION_LEVEL = "-O";
				SWIFT_VERSION = 5.9;
			};
			name = Release;
		};
		AC041534B01F1F4CEFCECBF5 /* Release */ = {
			isa = XCBuildConfiguration;
			buildSettings = {
				ASSETCATALOG_COMPILER_APPICON_NAME = AppIcon;
				CODE_SIGN_ENTITLEMENTS = DontTouch/DontTouch.entitlements;
				COMBINE_HIDPI_IMAGES = YES;
				CURRENT_PROJECT_VERSION = 1;
				INFOPLIST_FILE = DontTouch/Info.plist;
				LD_RUNPATH_SEARCH_PATHS = (
					"$(inherited)",
					"@executable_path/../Frameworks",
				);
				MARKETING_VERSION = 1.0;
				PRODUCT_BUNDLE_IDENTIFIER = com.yourname.donttouch;
				SDKROOT = macosx;
			};
			name = Release;
		};
		C60573A6969922F8372D86DE /* Release */ = {
			isa = XCBuildConfiguration;
			buildSettings = {
				CODE_SIGN_ENTITLEMENTS = "DontTouch Extension/DontTouch_Extension.entitlements";
				CURRENT_PROJECT_VERSION = 1;
				ENABLE_MODULE_VERIFIER = NO;
				FRAMEWORK_SEARCH_PATHS = (
					"$(inherited)",
					"\".\"",
				);
				INFOPLIST_FILE = "DontTouch Extension/iOS-Info.plist";
				LD_RUNPATH_SEARCH_PATHS = (
					"$(inherited)",
					"@executable_path/Frameworks",
					"@executable_path/../../Frameworks",
				);
				MARKETING_VERSION = 1.0;
				PRODUCT_BUNDLE_IDENTIFIER = com.yourname.donttouch.extension;
				SDKROOT = iphoneos;
				TARGETED_DEVICE_FAMILY = "1,2";
			};
			name = Release;
		};
		D3F59E83B43D8893D2DDECB2 /* Debug */ = {
			isa = XCBuildConfiguration;
			buildSettings = {
				ASSETCATALOG_COMPILER_APPICON_NAME = AppIcon;
				CODE_SIGN_ENTITLEMENTS = DontTouch/DontTouch.entitlements;
				CODE_SIGN_IDENTITY = "iPhone Developer";
				CURRENT_PROJECT_VERSION = 1;
				INFOPLIST_FILE = DontTouch/iOS/Info.plist;
				LD_RUNPATH_SEARCH_PATHS = (
					"$(inherited)",
					"@executable_path/Frameworks",
				);
				MARKETING_VERSION = 1.0;
				PRODUCT_BUNDLE_IDENTIFIER = com.yourname.donttouch;
				SDKROOT = iphoneos;
				TARGETED_DEVICE_FAMILY = "1,2";
			};
			name = Debug;
		};
		D8F61E4F7D727A5CFBBB700D /* Debug */ = {
			isa = XCBuildConfiguration;
			buildSettings = {
				ASSETCATALOG_COMPILER_APPICON_NAME = AppIcon;
				CODE_SIGN_ENTITLEMENTS = DontTouch/DontTouch.entitlements;
				COMBINE_HIDPI_IMAGES = YES;
				CURRENT_PROJECT_VERSION = 1;
				INFOPLIST_FILE = DontTouch/Info.plist;
				LD_RUNPATH_SEARCH_PATHS = (
					"$(inherited)",
					"@executable_path/../Frameworks",
				);
				MARKETING_VERSION = 1.0;
				PRODUCT_BUNDLE_IDENTIFIER = com.yourname.donttouch;
				SDKROOT = macosx;
			};
			name = Debug;
		};
		F36F56BEC8C0257CDDE3180F /* Debug */ = {
			isa = XCBuildConfiguration;
			buildSettings = {
				ALWAYS_SEARCH_USER_PATHS = NO;
				CLANG_ANALYZER_NONNULL = YES;
				CLANG_ANALYZER_NUMBER_OBJECT_CONVERSION = YES_AGGRESSIVE;
				CLANG_CXX_LANGUAGE_STANDARD = "gnu++14";
				CLANG_CXX_LIBRARY = "libc++";
				CLANG_ENABLE_MODULES = YES;
				CLANG_ENABLE_OBJC_ARC = YES;
				CLANG_ENABLE_OBJC_WEAK = YES;
				CLANG_WARN_BLOCK_CAPTURE_AUTORELEASING = YES;
				CLANG_WARN_BOOL_CONVERSION = YES;
				CLANG_WARN_COMMA = YES;
				CLANG_WARN_CONSTANT_CONVERSION = YES;
				CLANG_WARN_DEPRECATED_OBJC_IMPLEMENTATIONS = YES;
				CLANG_WARN_DIRECT_OBJC_ISA_USAGE = YES_ERROR;
				CLANG_WARN_DOCUMENTATION_COMMENTS = YES;
				CLANG_WARN_EMPTY_BODY = YES;
				CLANG_WARN_ENUM_CONVERSION = YES;
				CLANG_WARN_INFINITE_RECURSION = YES;
				CLANG_WARN_INT_CONVERSION = YES;
				CLANG_WARN_NON_LITERAL_NULL_CONVERSION = YES;
				CLANG_WARN_OBJC_IMPLICIT_RETAIN_SELF = YES;
				CLANG_WARN_OBJC_LITERAL_CONVERSION = YES;
				CLANG_WARN_OBJC_ROOT_CLASS = YES_ERROR;
				CLANG_WARN_QUOTED_INCLUDE_IN_FRAMEWORK_HEADER = YES;
				CLANG_WARN_RANGE_LOOP_ANALYSIS = YES;
				CLANG_WARN_STRICT_PROTOTYPES = YES;
				CLANG_WARN_SUSPICIOUS_MOVE = YES;
				CLANG_WARN_UNGUARDED_AVAILABILITY = YES_AGGRESSIVE;
				CLANG_WARN_UNREACHABLE_CODE = YES;
				CLANG_WARN__DUPLICATE_METHOD_MATCH = YES;
				COPY_PHASE_STRIP = NO;
				DEBUG_INFORMATION_FORMAT = dwarf;
				ENABLE_STRICT_OBJC_MSGSEND = YES;
				ENABLE_TESTABILITY = YES;
				GCC_C_LANGUAGE_STANDARD = gnu11;
				GCC_DYNAMIC_NO_PIC = NO;
				GCC_NO_COMMON_BLOCKS = YES;
				GCC_OPTIMIZATION_LEVEL = 0;
				GCC_PREPROCESSOR_DEFINITIONS = (
					"$(inherited)",
					"DEBUG=1",
				);
				GCC_WARN_64_TO_32_BIT_CONVERSION = YES;
				GCC_WARN_ABOUT_RETURN_TYPE = YES_ERROR;
				GCC_WARN_UNDECLARED_SELECTOR = YES;
				GCC_WARN_UNINITIALIZED_AUTOS = YES_AGGRESSIVE;
				GCC_WARN_UNUSED_FUNCTION = YES;
				GCC_WARN_UNUSED_VARIABLE = YES;
				IPHONEOS_DEPLOYMENT_TARGET = 17.0;
				MACOSX_DEPLOYMENT_TARGET = 14.0;
				MTL_ENABLE_DEBUG_INFO = INCLUDE_SOURCE;
				MTL_FAST_MATH = YES;
				ONLY_ACTIVE_ARCH = YES;
				PRODUCT_NAME = "$(TARGET_NAME)";
				SWIFT_ACTIVE_COMPILATION_CONDITIONS = DEBUG;
				SWIFT_OPTIMIZATION_LEVEL = "-Onone";
				SWIFT_VERSION = 5.9;
			};
			name = Debug;
		};
/* End XCBuildConfiguration section */

/* Begin XCConfigurationList section */
		3810BC558CC8AEED31AA6142 /* Build configuration list for PBXNativeTarget "DontTouch_Extension_iOS" */ = {
			isa = XCConfigurationList;
			buildConfigurations = (
				0AE183FBC59DAA7F8156CCA1 /* Debug */,
				C60573A6969922F8372D86DE /* Release */,
			);
			defaultConfigurationIsVisible = 0;
			defaultConfigurationName = Debug;
		};
		6C694700DDBB61E7F04A461E /* Build configuration list for PBXNativeTarget "DontTouch_Extension_Mac" */ = {
			isa = XCConfigurationList;
			buildConfigurations = (
				4FA4AA302E2578957FDBF170 /* Debug */,
				3BC3AC8EFF3FD10C6B17A184 /* Release */,
			);
			defaultConfigurationIsVisible = 0;
			defaultConfigurationName = Debug;
		};
		756397C6E6055BB62CC136E6 /* Build configuration list for PBXNativeTarget "DontTouch_iOS" */ = {
			isa = XCConfigurationList;
			buildConfigurations = (
				D3F59E83B43D8893D2DDECB2 /* Debug */,
				9F1F87D56FB726BC65BF1BEC /* Release */,
			);
			defaultConfigurationIsVisible = 0;
			defaultConfigurationName = Debug;
		};
		9070152AD03915ADB1C8EF2C /* Build configuration list for PBXProject "DontTouch" */ = {
			isa = XCConfigurationList;
			buildConfigurations = (
				F36F56BEC8C0257CDDE3180F /* Debug */,
				ABD3193D60CE18B716207130 /* Release */,
			);
			defaultConfigurationIsVisible = 0;
			defaultConfigurationName = Debug;
		};
		E481B16D097952D74BEF30B3 /* Build configuration list for PBXNativeTarget "DontTouch" */ = {
			isa = XCConfigurationList;
			buildConfigurations = (
				D8F61E4F7D727A5CFBBB700D /* Debug */,
				AC041534B01F1F4CEFCECBF5 /* Release */,
			);
			defaultConfigurationIsVisible = 0;
			defaultConfigurationName = Debug;
		};
/* End XCConfigurationList section */
	};
	rootObject = 01424B7A9EFF600D855B78BD /* Project object */;
}
